// !$*UTF8*$!
{
	archiveVersion = 1;
	classes = {
	};
	objectVersion = 46;
	objects = {

/* Begin PBXBuildFile section */
		8431D0AF1F337F11005CE852 /* Constants.swift in Sources */ = {isa = PBXBuildFile; fileRef = 8431D0AE1F337F11005CE852 /* Constants.swift */; };
		8431D0B11F3380ED005CE852 /* CurrentWeather.swift in Sources */ = {isa = PBXBuildFile; fileRef = 8431D0B01F3380ED005CE852 /* CurrentWeather.swift */; };
		8431D0B31F340506005CE852 /* Forecast.swift in Sources */ = {isa = PBXBuildFile; fileRef = 8431D0B21F340506005CE852 /* Forecast.swift */; };
		8431D0B51F3410D6005CE852 /* WeatherCell.swift in Sources */ = {isa = PBXBuildFile; fileRef = 8431D0B41F3410D6005CE852 /* WeatherCell.swift */; };
		8431D0B71F34178A005CE852 /* Location.swift in Sources */ = {isa = PBXBuildFile; fileRef = 8431D0B61F34178A005CE852 /* Location.swift */; };
		84FB587F1F3216290004B1B7 /* AppDelegate.swift in Sources */ = {isa = PBXBuildFile; fileRef = 84FB587E1F3216290004B1B7 /* AppDelegate.swift */; };
		84FB58811F3216290004B1B7 /* Weather VC.swift in Sources */ = {isa = PBXBuildFile; fileRef = 84FB58801F3216290004B1B7 /* Weather VC.swift */; };
		84FB58841F32162A0004B1B7 /* Main.storyboard in Resources */ = {isa = PBXBuildFile; fileRef = 84FB58821F32162A0004B1B7 /* Main.storyboard */; };
		84FB58861F32162A0004B1B7 /* Assets.xcassets in Resources */ = {isa = PBXBuildFile; fileRef = 84FB58851F32162A0004B1B7 /* Assets.xcassets */; };
		84FB58891F32162A0004B1B7 /* LaunchScreen.storyboard in Resources */ = {isa = PBXBuildFile; fileRef = 84FB58871F32162A0004B1B7 /* LaunchScreen.storyboard */; };
		9988C1F43073C32884DA9F9C /* Pods_RainyShinyCloudy.framework in Frameworks */ = {isa = PBXBuildFile; fileRef = 462CC74EC17BB28F354046C2 /* Pods_RainyShinyCloudy.framework */; };
/* End PBXBuildFile section */

/* Begin PBXFileReference section */
		462CC74EC17BB28F354046C2 /* Pods_RainyShinyCloudy.framework */ = {isa = PBXFileReference; explicitFileType = wrapper.framework; includeInIndex = 0; path = Pods_RainyShinyCloudy.framework; sourceTree = BUILT_PRODUCTS_DIR; };
		76CF16A1E58C3E19F035473D /* Pods-RainyShinyCloudy.release.xcconfig */ = {isa = PBXFileReference; includeInIndex = 1; lastKnownFileType = text.xcconfig; name = "Pods-RainyShinyCloudy.release.xcconfig"; path = "Pods/Target Support Files/Pods-RainyShinyCloudy/Pods-RainyShinyCloudy.release.xcconfig"; sourceTree = "<group>"; };
		8431D0AE1F337F11005CE852 /* Constants.swift */ = {isa = PBXFileReference; fileEncoding = 4; lastKnownFileType = sourcecode.swift; path = Constants.swift; sourceTree = "<group>"; };
		8431D0B01F3380ED005CE852 /* CurrentWeather.swift */ = {isa = PBXFileReference; fileEncoding = 4; lastKnownFileType = sourcecode.swift; path = CurrentWeather.swift; sourceTree = "<group>"; };
		8431D0B21F340506005CE852 /* Forecast.swift */ = {isa = PBXFileReference; fileEncoding = 4; lastKnownFileType = sourcecode.swift; path = Forecast.swift; sourceTree = "<group>"; };
		8431D0B41F3410D6005CE852 /* WeatherCell.swift */ = {isa = PBXFileReference; fileEncoding = 4; lastKnownFileType = sourcecode.swift; path = WeatherCell.swift; sourceTree = "<group>"; };
		8431D0B61F34178A005CE852 /* Location.swift */ = {isa = PBXFileReference; fileEncoding = 4; lastKnownFileType = sourcecode.swift; path = Location.swift; sourceTree = "<group>"; };
		84FB587B1F3216290004B1B7 /* RainyShinyCloudy.app */ = {isa = PBXFileReference; explicitFileType = wrapper.application; includeInIndex = 0; path = RainyShinyCloudy.app; sourceTree = BUILT_PRODUCTS_DIR; };
		84FB587E1F3216290004B1B7 /* AppDelegate.swift */ = {isa = PBXFileReference; lastKnownFileType = sourcecode.swift; path = AppDelegate.swift; sourceTree = "<group>"; };
		84FB58801F3216290004B1B7 /* Weather VC.swift */ = {isa = PBXFileReference; lastKnownFileType = sourcecode.swift; path = "Weather VC.swift"; sourceTree = "<group>"; };
		84FB58831F32162A0004B1B7 /* Base */ = {isa = PBXFileReference; lastKnownFileType = file.storyboard; name = Base; path = Base.lproj/Main.storyboard; sourceTree = "<group>"; };
		84FB58851F32162A0004B1B7 /* Assets.xcassets */ = {isa = PBXFileReference; lastKnownFileType = folder.assetcatalog; path = Assets.xcassets; sourceTree = "<group>"; };
		84FB58881F32162A0004B1B7 /* Base */ = {isa = PBXFileReference; lastKnownFileType = file.storyboard; name = Base; path = Base.lproj/LaunchScreen.storyboard; sourceTree = "<group>"; };
		84FB588A1F32162A0004B1B7 /* Info.plist */ = {isa = PBXFileReference; lastKnownFileType = text.plist.xml; path = Info.plist; sourceTree = "<group>"; };
		91946518E9DB95567D1CD337 /* Pods-RainyShinyCloudy.debug.xcconfig */ = {isa = PBXFileReference; includeInIndex = 1; lastKnownFileType = text.xcconfig; name = "Pods-RainyShinyCloudy.debug.xcconfig"; path = "Pods/Target Support Files/Pods-RainyShinyCloudy/Pods-RainyShinyCloudy.debug.xcconfig"; sourceTree = "<group>"; };
/* End PBXFileReference section */

/* Begin PBXFrameworksBuildPhase section */
		84FB58781F3216290004B1B7 /* Frameworks */ = {
			isa = PBXFrameworksBuildPhase;
			buildActionMask = 2147483647;
			files = (
				9988C1F43073C32884DA9F9C /* Pods_RainyShinyCloudy.framework in Frameworks */,
			);
			runOnlyForDeploymentPostprocessing = 0;
		};
/* End PBXFrameworksBuildPhase section */

/* Begin PBXGroup section */
		4B8D59051B0E7BCC3684B405 /* Pods */ = {
			isa = PBXGroup;
			children = (
				91946518E9DB95567D1CD337 /* Pods-RainyShinyCloudy.debug.xcconfig */,
				76CF16A1E58C3E19F035473D /* Pods-RainyShinyCloudy.release.xcconfig */,
			);
			name = Pods;
			sourceTree = "<group>";
		};
		84FB58721F3216290004B1B7 = {
			isa = PBXGroup;
			children = (
				84FB587D1F3216290004B1B7 /* RainyShinyCloudy */,
				84FB587C1F3216290004B1B7 /* Products */,
				4B8D59051B0E7BCC3684B405 /* Pods */,
				C88884F6A244643FC43A9852 /* Frameworks */,
			);
			sourceTree = "<group>";
		};
		84FB587C1F3216290004B1B7 /* Products */ = {
			isa = PBXGroup;
			children = (
				84FB587B1F3216290004B1B7 /* RainyShinyCloudy.app */,
			);
			name = Products;
			sourceTree = "<group>";
		};
		84FB587D1F3216290004B1B7 /* RainyShinyCloudy */ = {
			isa = PBXGroup;
			children = (
				84FB587E1F3216290004B1B7 /* AppDelegate.swift */,
				84FB58801F3216290004B1B7 /* Weather VC.swift */,
				84FB58821F32162A0004B1B7 /* Main.storyboard */,
				84FB58851F32162A0004B1B7 /* Assets.xcassets */,
				84FB58871F32162A0004B1B7 /* LaunchScreen.storyboard */,
				84FB588A1F32162A0004B1B7 /* Info.plist */,
				8431D0AE1F337F11005CE852 /* Constants.swift */,
				8431D0B01F3380ED005CE852 /* CurrentWeather.swift */,
				8431D0B21F340506005CE852 /* Forecast.swift */,
				8431D0B41F3410D6005CE852 /* WeatherCell.swift */,
				8431D0B61F34178A005CE852 /* Location.swift */,
			);
			path = RainyShinyCloudy;
			sourceTree = "<group>";
		};
		C88884F6A244643FC43A9852 /* Frameworks */ = {
			isa = PBXGroup;
			children = (
				462CC74EC17BB28F354046C2 /* Pods_RainyShinyCloudy.framework */,
			);
			name = Frameworks;
			sourceTree = "<group>";
		};
/* End PBXGroup section */

/* Begin PBXNativeTarget section */
		84FB587A1F3216290004B1B7 /* RainyShinyCloudy */ = {
			isa = PBXNativeTarget;
			buildConfigurationList = 84FB588D1F32162A0004B1B7 /* Build configuration list for PBXNativeTarget "RainyShinyCloudy" */;
			buildPhases = (
				084BF46229D850C5B27A7817 /* [CP] Check Pods Manifest.lock */,
				84FB58771F3216290004B1B7 /* Sources */,
				84FB58781F3216290004B1B7 /* Frameworks */,
				84FB58791F3216290004B1B7 /* Resources */,
				EB61D8E586DC4BE377B59B51 /* [CP] Embed Pods Frameworks */,
				5117536BE065604C0BA70C17 /* [CP] Copy Pods Resources */,
			);
			buildRules = (
			);
			dependencies = (
			);
			name = RainyShinyCloudy;
			productName = RainyShinyCloudy;
			productReference = 84FB587B1F3216290004B1B7 /* RainyShinyCloudy.app */;
			productType = "com.apple.product-type.application";
		};
/* End PBXNativeTarget section */

/* Begin PBXProject section */
		84FB58731F3216290004B1B7 /* Project object */ = {
			isa = PBXProject;
			attributes = {
				LastSwiftUpdateCheck = 0820;
				LastUpgradeCheck = 0820;
				ORGANIZATIONNAME = TJSchoost;
				TargetAttributes = {
					84FB587A1F3216290004B1B7 = {
						CreatedOnToolsVersion = 8.2.1;
						DevelopmentTeam = JE8VMAJF52;
						ProvisioningStyle = Automatic;
					};
				};
			};
			buildConfigurationList = 84FB58761F3216290004B1B7 /* Build configuration list for PBXProject "RainyShinyCloudy" */;
			compatibilityVersion = "Xcode 3.2";
			developmentRegion = English;
			hasScannedForEncodings = 0;
			knownRegions = (
				en,
				Base,
			);
			mainGroup = 84FB58721F3216290004B1B7;
			productRefGroup = 84FB587C1F3216290004B1B7 /* Products */;
			projectDirPath = "";
			projectRoot = "";
			targets = (
				84FB587A1F3216290004B1B7 /* RainyShinyCloudy */,
			);
		};
/* End PBXProject section */

/* Begin PBXResourcesBuildPhase section */
		84FB58791F3216290004B1B7 /* Resources */ = {
			isa = PBXResourcesBuildPhase;
			buildActionMask = 2147483647;
			files = (
				84FB58891F32162A0004B1B7 /* LaunchScreen.storyboard in Resources */,
				84FB58861F32162A0004B1B7 /* Assets.xcassets in Resources */,
				84FB58841F32162A0004B1B7 /* Main.storyboard in Resources */,
			);
			runOnlyForDeploymentPostprocessing = 0;
		};
/* End PBXResourcesBuildPhase section */

/* Begin PBXShellScriptBuildPhase section */
		084BF46229D850C5B27A7817 /* [CP] Check Pods Manifest.lock */ = {
			isa = PBXShellScriptBuildPhase;
			buildActionMask = 2147483647;
			files = (
			);
			inputPaths = (
				"${PODS_PODFILE_DIR_PATH}/Podfile.lock",
				"${PODS_ROOT}/Manifest.lock",
			);
			name = "[CP] Check Pods Manifest.lock";
			outputPaths = (
				"$(DERIVED_FILE_DIR)/Pods-RainyShinyCloudy-checkManifestLockResult.txt",
			);
			runOnlyForDeploymentPostprocessing = 0;
			shellPath = /bin/sh;
			shellScript = "diff \"${PODS_PODFILE_DIR_PATH}/Podfile.lock\" \"${PODS_ROOT}/Manifest.lock\" > /dev/null\nif [ $? != 0 ] ; then\n    # print error to STDERR\n    echo \"error: The sandbox is not in sync with the Podfile.lock. Run 'pod install' or update your CocoaPods installation.\" >&2\n    exit 1\nfi\n# This output is used by Xcode 'outputs' to avoid re-running this script phase.\necho \"SUCCESS\" > \"${SCRIPT_OUTPUT_FILE_0}\"\n";
			showEnvVarsInLog = 0;
		};
		5117536BE065604C0BA70C17 /* [CP] Copy Pods Resources */ = {
			isa = PBXShellScriptBuildPhase;
			buildActionMask = 2147483647;
			files = (
			);
			inputPaths = (
			);
			name = "[CP] Copy Pods Resources";
			outputPaths = (
			);
			runOnlyForDeploymentPostprocessing = 0;
			shellPath = /bin/sh;
			shellScript = "\"${SRCROOT}/Pods/Target Support Files/Pods-RainyShinyCloudy/Pods-RainyShinyCloudy-resources.sh\"\n";
			showEnvVarsInLog = 0;
		};
		EB61D8E586DC4BE377B59B51 /* [CP] Embed Pods Frameworks */ = {
			isa = PBXShellScriptBuildPhase;
			buildActionMask = 2147483647;
			files = (
			);
			inputPaths = (
				"${SRCROOT}/Pods/Target Support Files/Pods-RainyShinyCloudy/Pods-RainyShinyCloudy-frameworks.sh",
				"${BUILT_PRODUCTS_DIR}/Alamofire/Alamofire.framework",
			);
			name = "[CP] Embed Pods Frameworks";
			outputPaths = (
				"${TARGET_BUILD_DIR}/${FRAMEWORKS_FOLDER_PATH}/Alamofire.framework",
			);
			runOnlyForDeploymentPostprocessing = 0;
			shellPath = /bin/sh;
			shellScript = "\"${SRCROOT}/Pods/Target Support Files/Pods-RainyShinyCloudy/Pods-RainyShinyCloudy-frameworks.sh\"\n";
			showEnvVarsInLog = 0;
		};
/* End PBXShellScriptBuildPhase section */

/* Begin PBXSourcesBuildPhase section */
		84FB58771F3216290004B1B7 /* Sources */ = {
			isa = PBXSourcesBuildPhase;
			buildActionMask = 2147483647;
			files = (
				84FB58811F3216290004B1B7 /* Weather VC.swift in Sources */,
				84FB587F1F3216290004B1B7 /* AppDelegate.swift in Sources */,
				8431D0B51F3410D6005CE852 /* WeatherCell.swift in Sources */,
				8431D0B11F3380ED005CE852 /* CurrentWeather.swift in Sources */,
				8431D0AF1F337F11005CE852 /* Constants.swift in Sources */,
				8431D0B31F340506005CE852 /* Forecast.swift in Sources */,
				8431D0B71F34178A005CE852 /* Location.swift in Sources */,
			);
			runOnlyForDeploymentPostprocessing = 0;
		};
/* End PBXSourcesBuildPhase section */

/* Begin PBXVariantGroup section */
		84FB58821F32162A0004B1B7 /* Main.storyboard */ = {
			isa = PBXVariantGroup;
			children = (
				84FB58831F32162A0004B1B7 /* Base */,
			);
			name = Main.storyboard;
			sourceTree = "<group>";
		};
		84FB58871F32162A0004B1B7 /* LaunchScreen.storyboard */ = {
			isa = PBXVariantGroup;
			children = (
				84FB58881F32162A0004B1B7 /* Base */,
			);
			name = LaunchScreen.storyboard;
			sourceTree = "<group>";
		};
/* End PBXVariantGroup section */

/* Begin XCBuildConfiguration section */
		84FB588B1F32162A0004B1B7 /* Debug */ = {
			isa = XCBuildConfiguration;
			buildSettings = {
				ALWAYS_SEARCH_USER_PATHS = NO;
				CLANG_ANALYZER_NONNULL = YES;
				CLANG_CXX_LANGUAGE_STANDARD = "gnu++0x";
				CLANG_CXX_LIBRARY = "libc++";
				CLANG_ENABLE_MODULES = YES;
				CLANG_ENABLE_OBJC_ARC = YES;
				CLANG_WARN_BOOL_CONVERSION = YES;
				CLANG_WARN_CONSTANT_CONVERSION = YES;
				CLANG_WARN_DIRECT_OBJC_ISA_USAGE = YES_ERROR;
				CLANG_WARN_DOCUMENTATION_COMMENTS = YES;
				CLANG_WARN_EMPTY_BODY = YES;
				CLANG_WARN_ENUM_CONVERSION = YES;
				CLANG_WARN_INFINITE_RECURSION = YES;
				CLANG_WARN_INT_CONVERSION = YES;
				CLANG_WARN_OBJC_ROOT_CLASS = YES_ERROR;
				CLANG_WARN_SUSPICIOUS_MOVE = YES;
				CLANG_WARN_UNREACHABLE_CODE = YES;
				CLANG_WARN__DUPLICATE_METHOD_MATCH = YES;
				"CODE_SIGN_IDENTITY[sdk=iphoneos*]" = "iPhone Developer";
				COPY_PHASE_STRIP = NO;
				DEBUG_INFORMATION_FORMAT = dwarf;
				ENABLE_STRICT_OBJC_MSGSEND = YES;
				ENABLE_TESTABILITY = YES;
				GCC_C_LANGUAGE_STANDARD = gnu99;
				GCC_DYNAMIC_NO_PIC = NO;
				GCC_NO_COMMON_BLOCKS = YES;
				GCC_OPTIMIZATION_LEVEL = 0;
				GCC_PREPROCESSOR_DEFINITIONS = (
					"DEBUG=1",
					"$(inherited)",
				);
				GCC_WARN_64_TO_32_BIT_CONVERSION = YES;
				GCC_WARN_ABOUT_RETURN_TYPE = YES_ERROR;
				GCC_WARN_UNDECLARED_SELECTOR = YES;
				GCC_WARN_UNINITIALIZED_AUTOS = YES_AGGRESSIVE;
				GCC_WARN_UNUSED_FUNCTION = YES;
				GCC_WARN_UNUSED_VARIABLE = YES;
				IPHONEOS_DEPLOYMENT_TARGET = 10.2;
				MTL_ENABLE_DEBUG_INFO = YES;
				ONLY_ACTIVE_ARCH = YES;
				SDKROOT = iphoneos;
				SWIFT_ACTIVE_COMPILATION_CONDITIONS = DEBUG;
				SWIFT_OPTIMIZATION_LEVEL = "-Onone";
				TARGETED_DEVICE_FAMILY = "1,2";
			};
			name = Debug;
		};
		84FB588C1F32162A0004B1B7 /* Release */ = {
			isa = XCBuildConfiguration;
			buildSettings = {
				ALWAYS_SEARCH_USER_PATHS = NO;
				CLANG_ANALYZER_NONNULL = YES;
				CLANG_CXX_LANGUAGE_STANDARD = "gnu++0x";
				CLANG_CXX_LIBRARY = "libc++";
				CLANG_ENABLE_MODULES = YES;
				CLANG_ENABLE_OBJC_ARC = YES;
				CLANG_WARN_BOOL_CONVERSION = YES;
				CLANG_WARN_CONSTANT_CONVERSION = YES;
				CLANG_WARN_DIRECT_OBJC_ISA_USAGE = YES_ERROR;
				CLANG_WARN_DOCUMENTATION_COMMENTS = YES;
				CLANG_WARN_EMPTY_BODY = YES;
				CLANG_WARN_ENUM_CONVERSION = YES;
				CLANG_WARN_INFINITE_RECURSION = YES;
				CLANG_WARN_INT_CONVERSION = YES;
				CLANG_WARN_OBJC_ROOT_CLASS = YES_ERROR;
				CLANG_WARN_SUSPICIOUS_MOVE = YES;
				CLANG_WARN_UNREACHABLE_CODE = YES;
				CLANG_WARN__DUPLICATE_METHOD_MATCH = YES;
				"CODE_SIGN_IDENTITY[sdk=iphoneos*]" = "iPhone Developer";
				COPY_PHASE_STRIP = NO;
				DEBUG_INFORMATION_FORMAT = "dwarf-with-dsym";
				ENABLE_NS_ASSERTIONS = NO;
				ENABLE_STRICT_OBJC_MSGSEND = YES;
				GCC_C_LANGUAGE_STANDARD = gnu99;
				GCC_NO_COMMON_BLOCKS = YES;
				GCC_WARN_64_TO_32_BIT_CONVERSION = YES;
				GCC_WARN_ABOUT_RETURN_TYPE = YES_ERROR;
				GCC_WARN_UNDECLARED_SELECTOR = YES;
				GCC_WARN_UNINITIALIZED_AUTOS = YES_AGGRESSIVE;
				GCC_WARN_UNUSED_FUNCTION = YES;
				GCC_WARN_UNUSED_VARIABLE = YES;
				IPHONEOS_DEPLOYMENT_TARGET = 10.2;
				MTL_ENABLE_DEBUG_INFO = NO;
				SDKROOT = iphoneos;
				SWIFT_OPTIMIZATION_LEVEL = "-Owholemodule";
				TARGETED_DEVICE_FAMILY = "1,2";
				VALIDATE_PRODUCT = YES;
			};
			name = Release;
		};
		84FB588E1F32162A0004B1B7 /* Debug */ = {
			isa = XCBuildConfiguration;
			baseConfigurationReference = 91946518E9DB95567D1CD337 /* Pods-RainyShinyCloudy.debug.xcconfig */;
			buildSettings = {
				ASSETCATALOG_COMPILER_APPICON_NAME = AppIcon;
				DEVELOPMENT_TEAM = JE8VMAJF52;
				INFOPLIST_FILE = RainyShinyCloudy/Info.plist;
				LD_RUNPATH_SEARCH_PATHS = "$(inherited) @executable_path/Frameworks";
				PRODUCT_BUNDLE_IDENTIFIER = com.tjschoost.RainyShinyCloudy;
				PRODUCT_NAME = "$(TARGET_NAME)";
				SWIFT_VERSION = 3.0;
				TARGETED_DEVICE_FAMILY = 1;
			};
			name = Debug;
		};
		84FB588F1F32162A0004B1B7 /* Release */ = {
			isa = XCBuildConfiguration;
			baseConfigurationReference = 76CF16A1E58C3E19F035473D /* Pods-RainyShinyCloudy.release.xcconfig */;
			buildSettings = {
				ASSETCATALOG_COMPILER_APPICON_NAME = AppIcon;
				DEVELOPMENT_TEAM = JE8VMAJF52;
				INFOPLIST_FILE = RainyShinyCloudy/Info.plist;
				LD_RUNPATH_SEARCH_PATHS = "$(inherited) @executable_path/Frameworks";
				PRODUCT_BUNDLE_IDENTIFIER = com.tjschoost.RainyShinyCloudy;
				PRODUCT_NAME = "$(TARGET_NAME)";
				SWIFT_VERSION = 3.0;
				TARGETED_DEVICE_FAMILY = 1;
			};
			name = Release;
		};
/* End XCBuildConfiguration section */

/* Begin XCConfigurationList section */
		84FB58761F3216290004B1B7 /* Build configuration list for PBXProject "RainyShinyCloudy" */ = {
			isa = XCConfigurationList;
			buildConfigurations = (
				84FB588B1F32162A0004B1B7 /* Debug */,
				84FB588C1F32162A0004B1B7 /* Release */,
			);
			defaultConfigurationIsVisible = 0;
			defaultConfigurationName = Release;
		};
		84FB588D1F32162A0004B1B7 /* Build configuration list for PBXNativeTarget "RainyShinyCloudy" */ = {
			isa = XCConfigurationList;
			buildConfigurations = (
				84FB588E1F32162A0004B1B7 /* Debug */,
				84FB588F1F32162A0004B1B7 /* Release */,
			);
			defaultConfigurationIsVisible = 0;
			defaultConfigurationName = Release;
		};
/* End XCConfigurationList section */
	};
	rootObject = 84FB58731F3216290004B1B7 /* Project object */;
}
